github.com/maciej/bme280 v0.2.0 h1:WsoHmIxw15AbhyoY5EWYH6loHNnsCayW1yWVLmukJVQ=
github.com/maciej/bme280 v0.2.0/go.mod h1:uhS+osHzBXnIwpXTCklgoi0q4XiA5Mr5ehJfGIPlfQY=
golang.org/x/exp v0.0.0-20250106191152-7588d65b2ba8 h1:yqrTHse8TCMW1M1ZCP+VAR/l0kKxwaAIqN/il7x4voA=
golang.org/x/exp v0.0.0-20250106191152-7588d65b2ba8/go.mod h1:tujkw807nyEEAamNbDrEGzRav+ilXA7PCRAd6xsmwiU=
